
Microsoft Visual Studio Solution File, Format Version 12.00
# Visual Studio Version 17
VisualStudioVersion = 17.3.32901.215
MinimumVisualStudioVersion = 10.0.40219.1
Project("{8BC9CEB8-8B4A-11D0-8D11-00A0C91BC942}") = "TextStrings", "TextStrings\TextStrings.vcxproj", "{D654C95E-A781-404F-AF15-330731146C74}"
EndProject
Global
	GlobalSection(SolutionConfigurationPlatforms) = preSolution
		Debug|x64 = Debug|x64
		Debug|x86 = Debug|x86
		Release|x64 = Release|x64
		Release|x86 = Release|x86
	EndGlobalSection
	GlobalSection(ProjectConfigurationPlatforms) = postSolution
		{D654C95E-A781-404F-AF15-330731146C74}.Debug|x64.ActiveCfg = Debug|x64
		{D654C95E-A781-404F-AF15-330731146C74}.Debug|x64.Build.0 = Debug|x64
		{D654C95E-A781-404F-AF15-330731146C74}.Debug|x86.ActiveCfg = Debug|Win32
		{D654C95E-A781-404F-AF15-330731146C74}.Debug|x86.Build.0 = Debug|Win32
		{D654C95E-A781-404F-AF15-330731146C74}.Release|x64.ActiveCfg = Release|x64
		{D654C95E-A781-404F-AF15-330731146C74}.Release|x64.Build.0 = Release|x64
		{D654C95E-A781-404F-AF15-330731146C74}.Release|x86.ActiveCfg = Release|Win32
		{D654C95E-A781-404F-AF15-330731146C74}.Release|x86.Build.0 = Release|Win32
	EndGlobalSection
	GlobalSection(SolutionProperties) = preSolution
		HideSolutionNode = FALSE
	EndGlobalSection
	GlobalSection(ExtensibilityGlobals) = postSolution
		SolutionGuid = {2ED348EA-50DA-438B-8EED-02775C309753}
	EndGlobalSection
EndGlobal
